
Microsoft Visual Studio Solution File, Format Version 12.00
# Visual Studio Version 16
VisualStudioVersion = 16.0.30907.101
MinimumVisualStudioVersion = 10.0.40219.1
Project("{FAE04EC0-301F-11D3-BF4B-00C04F79EFBC}") = "SignalR_Sample", "SignalR_Sample.csproj", "{A8384EFD-C76F-467D-94D1-CBCD2306ECAA}"
EndProject
Global
	GlobalSection(SolutionConfigurationPlatforms) = preSolution
		Debug|Any CPU = Debug|Any CPU
		Release|Any CPU = Release|Any CPU
	EndGlobalSection
	GlobalSection(ProjectConfigurationPlatforms) = postSolution
		{A8384EFD-C76F-467D-94D1-CBCD2306ECAA}.Debug|Any CPU.ActiveCfg = Debug|Any CPU
		{A8384EFD-C76F-467D-94D1-CBCD2306ECAA}.Debug|Any CPU.Build.0 = Debug|Any CPU
		{A8384EFD-C76F-467D-94D1-CBCD2306ECAA}.Release|Any CPU.ActiveCfg = Release|Any CPU
		{A8384EFD-C76F-467D-94D1-CBCD2306ECAA}.Release|Any CPU.Build.0 = Release|Any CPU
	EndGlobalSection
	GlobalSection(SolutionProperties) = preSolution
		HideSolutionNode = FALSE
	EndGlobalSection
	GlobalSection(ExtensibilityGlobals) = postSolution
		SolutionGuid = {F3C11F86-7D94-4EB0-83F8-623F2948B182}
	EndGlobalSection
EndGlobal
